
Microsoft Visual Studio Solution File, Format Version 12.00
# Visual Studio Version 17
VisualStudioVersion = 17.2.32526.322
MinimumVisualStudioVersion = 10.0.40219.1
Project("{FAE04EC0-301F-11D3-BF4B-00C04F79EFBC}") = "API_GESTION_PRODUTOS", "API_GESTION_PRODUTOS\API_GESTION_PRODUTOS.csproj", "{A0EADF6A-1008-407C-8F2E-AC5104FC696B}"
EndProject
Global
	GlobalSection(SolutionConfigurationPlatforms) = preSolution
		Debug|Any CPU = Debug|Any CPU
		Release|Any CPU = Release|Any CPU
	EndGlobalSection
	GlobalSection(ProjectConfigurationPlatforms) = postSolution
		{A0EADF6A-1008-407C-8F2E-AC5104FC696B}.Debug|Any CPU.ActiveCfg = Debug|Any CPU
		{A0EADF6A-1008-407C-8F2E-AC5104FC696B}.Debug|Any CPU.Build.0 = Debug|Any CPU
		{A0EADF6A-1008-407C-8F2E-AC5104FC696B}.Release|Any CPU.ActiveCfg = Release|Any CPU
		{A0EADF6A-1008-407C-8F2E-AC5104FC696B}.Release|Any CPU.Build.0 = Release|Any CPU
	EndGlobalSection
	GlobalSection(SolutionProperties) = preSolution
		HideSolutionNode = FALSE
	EndGlobalSection
	GlobalSection(ExtensibilityGlobals) = postSolution
		SolutionGuid = {C4F2ABA5-719D-4988-ADCC-F2D400C35BAD}
	EndGlobalSection
EndGlobal
